// !$*UTF8*$!
{
	archiveVersion = 1;
	classes = {
	};
	objectVersion = 46;
	objects = {

/* Begin PBXBuildFile section */
		EB4CC8E81DD943800017B8B1 /* AppDelegate.swift in Sources */ = {isa = PBXBuildFile; fileRef = EB4CC8E71DD943800017B8B1 /* AppDelegate.swift */; };
		EB4CC8EA1DD943800017B8B1 /* ViewController.swift in Sources */ = {isa = PBXBuildFile; fileRef = EB4CC8E91DD943800017B8B1 /* ViewController.swift */; };
		EB4CC8ED1DD943800017B8B1 /* Main.storyboard in Resources */ = {isa = PBXBuildFile; fileRef = EB4CC8EB1DD943800017B8B1 /* Main.storyboard */; };
		EB4CC8EF1DD943800017B8B1 /* Assets.xcassets in Resources */ = {isa = PBXBuildFile; fileRef = EB4CC8EE1DD943800017B8B1 /* Assets.xcassets */; };
		EB4CC8F21DD943800017B8B1 /* LaunchScreen.storyboard in Resources */ = {isa = PBXBuildFile; fileRef = EB4CC8F01DD943800017B8B1 /* LaunchScreen.storyboard */; };
		EB4CC8FC1DD946ED0017B8B1 /* ScheduleTableViewController.swift in Sources */ = {isa = PBXBuildFile; fileRef = EB4CC8FB1DD946ED0017B8B1 /* ScheduleTableViewController.swift */; };
		EB4CC8FE1DD947D10017B8B1 /* NewEventViewController.swift in Sources */ = {isa = PBXBuildFile; fileRef = EB4CC8FD1DD947D10017B8B1 /* NewEventViewController.swift */; };
		EB4CC9001DD95C8B0017B8B1 /* Event.swift in Sources */ = {isa = PBXBuildFile; fileRef = EB4CC8FF1DD95C8B0017B8B1 /* Event.swift */; };
		EB4CC9021DD95C9C0017B8B1 /* Schedule.swift in Sources */ = {isa = PBXBuildFile; fileRef = EB4CC9011DD95C9C0017B8B1 /* Schedule.swift */; };
		EB4CC9041DDA48840017B8B1 /* protocol.swift in Sources */ = {isa = PBXBuildFile; fileRef = EB4CC9031DDA48840017B8B1 /* protocol.swift */; };
		EB4CC9061DDA4E430017B8B1 /* EventViewController.swift in Sources */ = {isa = PBXBuildFile; fileRef = EB4CC9051DDA4E430017B8B1 /* EventViewController.swift */; };
/* End PBXBuildFile section */

/* Begin PBXFileReference section */
		EB4CC8E41DD943800017B8B1 /* Event Schedule.app */ = {isa = PBXFileReference; explicitFileType = wrapper.application; includeInIndex = 0; path = "Event Schedule.app"; sourceTree = BUILT_PRODUCTS_DIR; };
		EB4CC8E71DD943800017B8B1 /* AppDelegate.swift */ = {isa = PBXFileReference; lastKnownFileType = sourcecode.swift; path = AppDelegate.swift; sourceTree = "<group>"; };
		EB4CC8E91DD943800017B8B1 /* ViewController.swift */ = {isa = PBXFileReference; lastKnownFileType = sourcecode.swift; path = ViewController.swift; sourceTree = "<group>"; };
		EB4CC8EC1DD943800017B8B1 /* Base */ = {isa = PBXFileReference; lastKnownFileType = file.storyboard; name = Base; path = Base.lproj/Main.storyboard; sourceTree = "<group>"; };
		EB4CC8EE1DD943800017B8B1 /* Assets.xcassets */ = {isa = PBXFileReference; lastKnownFileType = folder.assetcatalog; path = Assets.xcassets; sourceTree = "<group>"; };
		EB4CC8F11DD943800017B8B1 /* Base */ = {isa = PBXFileReference; lastKnownFileType = file.storyboard; name = Base; path = Base.lproj/LaunchScreen.storyboard; sourceTree = "<group>"; };
		EB4CC8F31DD943800017B8B1 /* Info.plist */ = {isa = PBXFileReference; lastKnownFileType = text.plist.xml; path = Info.plist; sourceTree = "<group>"; };
		EB4CC8FB1DD946ED0017B8B1 /* ScheduleTableViewController.swift */ = {isa = PBXFileReference; fileEncoding = 4; lastKnownFileType = sourcecode.swift; path = ScheduleTableViewController.swift; sourceTree = "<group>"; };
		EB4CC8FD1DD947D10017B8B1 /* NewEventViewController.swift */ = {isa = PBXFileReference; fileEncoding = 4; lastKnownFileType = sourcecode.swift; path = NewEventViewController.swift; sourceTree = "<group>"; };
		EB4CC8FF1DD95C8B0017B8B1 /* Event.swift */ = {isa = PBXFileReference; fileEncoding = 4; lastKnownFileType = sourcecode.swift; name = Event.swift; path = ../../Swift_Assignment_01_Base/Swift_Assignment_01/Event.swift; sourceTree = "<group>"; };
		EB4CC9011DD95C9C0017B8B1 /* Schedule.swift */ = {isa = PBXFileReference; fileEncoding = 4; lastKnownFileType = sourcecode.swift; name = Schedule.swift; path = "../../Swift_Assignment_01_Base 2/Swift_Assignment_01/Schedule.swift"; sourceTree = "<group>"; };
		EB4CC9031DDA48840017B8B1 /* protocol.swift */ = {isa = PBXFileReference; fileEncoding = 4; lastKnownFileType = sourcecode.swift; path = protocol.swift; sourceTree = "<group>"; };
		EB4CC9051DDA4E430017B8B1 /* EventViewController.swift */ = {isa = PBXFileReference; fileEncoding = 4; lastKnownFileType = sourcecode.swift; path = EventViewController.swift; sourceTree = "<group>"; };
/* End PBXFileReference section */

/* Begin PBXFrameworksBuildPhase section */
		EB4CC8E11DD943800017B8B1 /* Frameworks */ = {
			isa = PBXFrameworksBuildPhase;
			buildActionMask = 2147483647;
			files = (
			);
			runOnlyForDeploymentPostprocessing = 0;
		};
/* End PBXFrameworksBuildPhase section */

/* Begin PBXGroup section */
		EB4CC8DB1DD943800017B8B1 = {
			isa = PBXGroup;
			children = (
				EB4CC8E61DD943800017B8B1 /* Event Schedule */,
				EB4CC8E51DD943800017B8B1 /* Products */,
			);
			sourceTree = "<group>";
		};
		EB4CC8E51DD943800017B8B1 /* Products */ = {
			isa = PBXGroup;
			children = (
				EB4CC8E41DD943800017B8B1 /* Event Schedule.app */,
			);
			name = Products;
			sourceTree = "<group>";
		};
		EB4CC8E61DD943800017B8B1 /* Event Schedule */ = {
			isa = PBXGroup;
			children = (
				EB4CC9011DD95C9C0017B8B1 /* Schedule.swift */,
				EB4CC8FF1DD95C8B0017B8B1 /* Event.swift */,
				EB4CC8E71DD943800017B8B1 /* AppDelegate.swift */,
				EB4CC8E91DD943800017B8B1 /* ViewController.swift */,
				EB4CC8EB1DD943800017B8B1 /* Main.storyboard */,
				EB4CC8EE1DD943800017B8B1 /* Assets.xcassets */,
				EB4CC8F01DD943800017B8B1 /* LaunchScreen.storyboard */,
				EB4CC8F31DD943800017B8B1 /* Info.plist */,
				EB4CC8FB1DD946ED0017B8B1 /* ScheduleTableViewController.swift */,
				EB4CC8FD1DD947D10017B8B1 /* NewEventViewController.swift */,
				EB4CC9031DDA48840017B8B1 /* protocol.swift */,
				EB4CC9051DDA4E430017B8B1 /* EventViewController.swift */,
			);
			path = "Event Schedule";
			sourceTree = "<group>";
		};
/* End PBXGroup section */

/* Begin PBXNativeTarget section */
		EB4CC8E31DD943800017B8B1 /* Event Schedule */ = {
			isa = PBXNativeTarget;
			buildConfigurationList = EB4CC8F61DD943800017B8B1 /* Build configuration list for PBXNativeTarget "Event Schedule" */;
			buildPhases = (
				EB4CC8E01DD943800017B8B1 /* Sources */,
				EB4CC8E11DD943800017B8B1 /* Frameworks */,
				EB4CC8E21DD943800017B8B1 /* Resources */,
			);
			buildRules = (
			);
			dependencies = (
			);
			name = "Event Schedule";
			productName = "Event Schedule";
			productReference = EB4CC8E41DD943800017B8B1 /* Event Schedule.app */;
			productType = "com.apple.product-type.application";
		};
/* End PBXNativeTarget section */

/* Begin PBXProject section */
		EB4CC8DC1DD943800017B8B1 /* Project object */ = {
			isa = PBXProject;
			attributes = {
				LastSwiftUpdateCheck = 0810;
				LastUpgradeCheck = 0810;
				ORGANIZATIONNAME = "shah0150@algonquinlive.com";
				TargetAttributes = {
					EB4CC8E31DD943800017B8B1 = {
						CreatedOnToolsVersion = 8.1;
						ProvisioningStyle = Automatic;
					};
				};
			};
			buildConfigurationList = EB4CC8DF1DD943800017B8B1 /* Build configuration list for PBXProject "Event Schedule" */;
			compatibilityVersion = "Xcode 3.2";
			developmentRegion = English;
			hasScannedForEncodings = 0;
			knownRegions = (
				en,
				Base,
			);
			mainGroup = EB4CC8DB1DD943800017B8B1;
			productRefGroup = EB4CC8E51DD943800017B8B1 /* Products */;
			projectDirPath = "";
			projectRoot = "";
			targets = (
				EB4CC8E31DD943800017B8B1 /* Event Schedule */,
			);
		};
/* End PBXProject section */

/* Begin PBXResourcesBuildPhase section */
		EB4CC8E21DD943800017B8B1 /* Resources */ = {
			isa = PBXResourcesBuildPhase;
			buildActionMask = 2147483647;
			files = (
				EB4CC8F21DD943800017B8B1 /* LaunchScreen.storyboard in Resources */,
				EB4CC8EF1DD943800017B8B1 /* Assets.xcassets in Resources */,
				EB4CC8ED1DD943800017B8B1 /* Main.storyboard in Resources */,
			);
			runOnlyForDeploymentPostprocessing = 0;
		};
/* End PBXResourcesBuildPhase section */

/* Begin PBXSourcesBuildPhase section */
		EB4CC8E01DD943800017B8B1 /* Sources */ = {
			isa = PBXSourcesBuildPhase;
			buildActionMask = 2147483647;
			files = (
				EB4CC9021DD95C9C0017B8B1 /* Schedule.swift in Sources */,
				EB4CC8FC1DD946ED0017B8B1 /* ScheduleTableViewController.swift in Sources */,
				EB4CC8EA1DD943800017B8B1 /* ViewController.swift in Sources */,
				EB4CC8FE1DD947D10017B8B1 /* NewEventViewController.swift in Sources */,
				EB4CC9041DDA48840017B8B1 /* protocol.swift in Sources */,
				EB4CC9061DDA4E430017B8B1 /* EventViewController.swift in Sources */,
				EB4CC8E81DD943800017B8B1 /* AppDelegate.swift in Sources */,
				EB4CC9001DD95C8B0017B8B1 /* Event.swift in Sources */,
			);
			runOnlyForDeploymentPostprocessing = 0;
		};
/* End PBXSourcesBuildPhase section */

/* Begin PBXVariantGroup section */
		EB4CC8EB1DD943800017B8B1 /* Main.storyboard */ = {
			isa = PBXVariantGroup;
			children = (
				EB4CC8EC1DD943800017B8B1 /* Base */,
			);
			name = Main.storyboard;
			sourceTree = "<group>";
		};
		EB4CC8F01DD943800017B8B1 /* LaunchScreen.storyboard */ = {
			isa = PBXVariantGroup;
			children = (
				EB4CC8F11DD943800017B8B1 /* Base */,
			);
			name = LaunchScreen.storyboard;
			sourceTree = "<group>";
		};
/* End PBXVariantGroup section */

/* Begin XCBuildConfiguration section */
		EB4CC8F41DD943800017B8B1 /* Debug */ = {
			isa = XCBuildConfiguration;
			buildSettings = {
				ALWAYS_SEARCH_USER_PATHS = NO;
				CLANG_ANALYZER_NONNULL = YES;
				CLANG_CXX_LANGUAGE_STANDARD = "gnu++0x";
				CLANG_CXX_LIBRARY = "libc++";
				CLANG_ENABLE_MODULES = YES;
				CLANG_ENABLE_OBJC_ARC = YES;
				CLANG_WARN_BOOL_CONVERSION = YES;
				CLANG_WARN_CONSTANT_CONVERSION = YES;
				CLANG_WARN_DIRECT_OBJC_ISA_USAGE = YES_ERROR;
				CLANG_WARN_DOCUMENTATION_COMMENTS = YES;
				CLANG_WARN_EMPTY_BODY = YES;
				CLANG_WARN_ENUM_CONVERSION = YES;
				CLANG_WARN_INFINITE_RECURSION = YES;
				CLANG_WARN_INT_CONVERSION = YES;
				CLANG_WARN_OBJC_ROOT_CLASS = YES_ERROR;
				CLANG_WARN_SUSPICIOUS_MOVES = YES;
				CLANG_WARN_UNREACHABLE_CODE = YES;
				CLANG_WARN__DUPLICATE_METHOD_MATCH = YES;
				"CODE_SIGN_IDENTITY[sdk=iphoneos*]" = "iPhone Developer";
				COPY_PHASE_STRIP = NO;
				DEBUG_INFORMATION_FORMAT = dwarf;
				ENABLE_STRICT_OBJC_MSGSEND = YES;
				ENABLE_TESTABILITY = YES;
				GCC_C_LANGUAGE_STANDARD = gnu99;
				GCC_DYNAMIC_NO_PIC = NO;
				GCC_NO_COMMON_BLOCKS = YES;
				GCC_OPTIMIZATION_LEVEL = 0;
				GCC_PREPROCESSOR_DEFINITIONS = (
					"DEBUG=1",
					"$(inherited)",
				);
				GCC_WARN_64_TO_32_BIT_CONVERSION = YES;
				GCC_WARN_ABOUT_RETURN_TYPE = YES_ERROR;
				GCC_WARN_UNDECLARED_SELECTOR = YES;
				GCC_WARN_UNINITIALIZED_AUTOS = YES_AGGRESSIVE;
				GCC_WARN_UNUSED_FUNCTION = YES;
				GCC_WARN_UNUSED_VARIABLE = YES;
				IPHONEOS_DEPLOYMENT_TARGET = 10.1;
				MTL_ENABLE_DEBUG_INFO = YES;
				ONLY_ACTIVE_ARCH = YES;
				SDKROOT = iphoneos;
				SWIFT_ACTIVE_COMPILATION_CONDITIONS = DEBUG;
				SWIFT_OPTIMIZATION_LEVEL = "-Onone";
			};
			name = Debug;
		};
		EB4CC8F51DD943800017B8B1 /* Release */ = {
			isa = XCBuildConfiguration;
			buildSettings = {
				ALWAYS_SEARCH_USER_PATHS = NO;
				CLANG_ANALYZER_NONNULL = YES;
				CLANG_CXX_LANGUAGE_STANDARD = "gnu++0x";
				CLANG_CXX_LIBRARY = "libc++";
				CLANG_ENABLE_MODULES = YES;
				CLANG_ENABLE_OBJC_ARC = YES;
				CLANG_WARN_BOOL_CONVERSION = YES;
				CLANG_WARN_CONSTANT_CONVERSION = YES;
				CLANG_WARN_DIRECT_OBJC_ISA_USAGE = YES_ERROR;
				CLANG_WARN_DOCUMENTATION_COMMENTS = YES;
				CLANG_WARN_EMPTY_BODY = YES;
				CLANG_WARN_ENUM_CONVERSION = YES;
				CLANG_WARN_INFINITE_RECURSION = YES;
				CLANG_WARN_INT_CONVERSION = YES;
				CLANG_WARN_OBJC_ROOT_CLASS = YES_ERROR;
				CLANG_WARN_SUSPICIOUS_MOVES = YES;
				CLANG_WARN_UNREACHABLE_CODE = YES;
				CLANG_WARN__DUPLICATE_METHOD_MATCH = YES;
				"CODE_SIGN_IDENTITY[sdk=iphoneos*]" = "iPhone Developer";
				COPY_PHASE_STRIP = NO;
				DEBUG_INFORMATION_FORMAT = "dwarf-with-dsym";
				ENABLE_NS_ASSERTIONS = NO;
				ENABLE_STRICT_OBJC_MSGSEND = YES;
				GCC_C_LANGUAGE_STANDARD = gnu99;
				GCC_NO_COMMON_BLOCKS = YES;
				GCC_WARN_64_TO_32_BIT_CONVERSION = YES;
				GCC_WARN_ABOUT_RETURN_TYPE = YES_ERROR;
				GCC_WARN_UNDECLARED_SELECTOR = YES;
				GCC_WARN_UNINITIALIZED_AUTOS = YES_AGGRESSIVE;
				GCC_WARN_UNUSED_FUNCTION = YES;
				GCC_WARN_UNUSED_VARIABLE = YES;
				IPHONEOS_DEPLOYMENT_TARGET = 10.1;
				MTL_ENABLE_DEBUG_INFO = NO;
				SDKROOT = iphoneos;
				SWIFT_OPTIMIZATION_LEVEL = "-Owholemodule";
				VALIDATE_PRODUCT = YES;
			};
			name = Release;
		};
		EB4CC8F71DD943800017B8B1 /* Debug */ = {
			isa = XCBuildConfiguration;
			buildSettings = {
				ASSETCATALOG_COMPILER_APPICON_NAME = AppIcon;
				INFOPLIST_FILE = "Event Schedule/Info.plist";
				LD_RUNPATH_SEARCH_PATHS = "$(inherited) @executable_path/Frameworks";
				PRODUCT_BUNDLE_IDENTIFIER = "om.algonquincollege.shah0150.Event-Schedule";
				PRODUCT_NAME = "$(TARGET_NAME)";
				SWIFT_VERSION = 3.0;
			};
			name = Debug;
		};
		EB4CC8F81DD943800017B8B1 /* Release */ = {
			isa = XCBuildConfiguration;
			buildSettings = {
				ASSETCATALOG_COMPILER_APPICON_NAME = AppIcon;
				INFOPLIST_FILE = "Event Schedule/Info.plist";
				LD_RUNPATH_SEARCH_PATHS = "$(inherited) @executable_path/Frameworks";
				PRODUCT_BUNDLE_IDENTIFIER = "om.algonquincollege.shah0150.Event-Schedule";
				PRODUCT_NAME = "$(TARGET_NAME)";
				SWIFT_VERSION = 3.0;
			};
			name = Release;
		};
/* End XCBuildConfiguration section */

/* Begin XCConfigurationList section */
		EB4CC8DF1DD943800017B8B1 /* Build configuration list for PBXProject "Event Schedule" */ = {
			isa = XCConfigurationList;
			buildConfigurations = (
				EB4CC8F41DD943800017B8B1 /* Debug */,
				EB4CC8F51DD943800017B8B1 /* Release */,
			);
			defaultConfigurationIsVisible = 0;
			defaultConfigurationName = Release;
		};
		EB4CC8F61DD943800017B8B1 /* Build configuration list for PBXNativeTarget "Event Schedule" */ = {
			isa = XCConfigurationList;
			buildConfigurations = (
				EB4CC8F71DD943800017B8B1 /* Debug */,
				EB4CC8F81DD943800017B8B1 /* Release */,
			);
			defaultConfigurationIsVisible = 0;
		};
/* End XCConfigurationList section */
	};
	rootObject = EB4CC8DC1DD943800017B8B1 /* Project object */;
}
